github.com/google/go-cmp v0.5.5 h1:Khx7svrCpmxxtHBq5j2mp/xVjsi8hQMfNLvJFAlrGgU=
github.com/google/go-cmp v0.5.5/go.mod h1:v8dTdLbMG2kIc/vJvl+f65V22dbkXbowE6jgT/gNBxE=
github.com/google/go-cmp v0.5.8 h1:e6P7q2lk1O+qJJb4BtCQXlK8vWEO8V1ZeuEdJNOqZyg=
github.com/google/go-cmp v0.5.8/go.mod h1:17dUlkBOakJ0+DkrSSNjCkIjxS6bF9zb3elmeNGIjoY=
github.com/google/uuid v1.4.0 h1:MtMxsa51/r9yyhkyLsVeVt0B+BGQZzpQiTQ4eHZ8bc4=
github.com/google/uuid v1.4.0/go.mod h1:TIyPZe4MgqvfeYDBFedMoGGpEw/LqOeaOT+nhxU+yHo=
github.com/leep-frog/command v0.0.0-20230922181833-7ab39dd9daa3 h1:DqajXJ4tMvYQXLsyLBy2Je++0bKk5Ll0PZepak/EngU=
github.com/leep-frog/command v0.0.0-20230922181833-7ab39dd9daa3/go.mod h1:nnUXeUudB6nssW6tQa3R64YK2ybnnRA11Wd0Gc2a5iA=
github.com/leep-frog/command v0.0.0-20231114183500-a3d2ef85df58 h1:zgPOiM+vW7zimVc8sjcJyFllQLM2aYq8Pu2VXIiAg+w=
github.com/leep-frog/command v0.0.0-20231114183500-a3d2ef85df58/go.mod h1:uOueA4MNFozqwP04FIPFE4kw866MyPWyneSMjSut4aA=
github.com/leep-frog/command v0.0.0-20231114214332-53b5cbb26228 h1:tgM/HpYyb0i0cx3kChvG62FN7eLI/oS6ULJLojPqbyM=
github.com/leep-frog/command v0.0.0-20231114214332-53b5cbb26228/go.mod h1:uOueA4MNFozqwP04FIPFE4kw866MyPWyneSMjSut4aA=
github.com/leep-frog/command v0.0.0-20231203032006-f1ce61955558 h1:7ZPKPC84MIm49NK5a+1fHnMnH1LxxFfWQrD22GTr+N4=
github.com/leep-frog/command v0.0.0-20231203032006-f1ce61955558/go.mod h1:uOueA4MNFozqwP04FIPFE4kw866MyPWyneSMjSut4aA=
github.com/leep-frog/command v0.0.0-20231213005649-42e7fca62fe3 h1:TEhy2/QUzu887FPN3IGm1XG5LMQ7RNpNI3mNNUy+3vo=
github.com/leep-frog/command v0.0.0-20231213005649-42e7fca62fe3/go.mod h1:uOueA4MNFozqwP04FIPFE4kw866MyPWyneSMjSut4aA=
github.com/leep-frog/command v0.0.0-20231213230543-9483188493f1 h1:p1Juv1PUjImJlENyEpzfReDgGUWOVP4YZ8j12iu0T0g=
github.com/leep-frog/command v0.0.0-20231213230543-9483188493f1/go.mod h1:uOueA4MNFozqwP04FIPFE4kw866MyPWyneSMjSut4aA=
github.com/leep-frog/command v0.0.0-20231214161002-208ac5fe5c0e h1:eYWPMCli1jWAhvybER9I+17Ah5esqiVk08KMl+7QrGI=
github.com/leep-frog/command v0.0.0-20231214161002-208ac5fe5c0e/go.mod h1:uOueA4MNFozqwP04FIPFE4kw866MyPWyneSMjSut4aA=
golang.org/x/exp v0.0.0-20220321124402-2d6d886f8a82 h1:P3h2IfqHFILVjDaCKXyuKMprdEyIbrbKevbf2EB6lQI=
golang.org/x/exp v0.0.0-20220321124402-2d6d886f8a82/go.mod h1:lgLbSvA5ygNOMpwM/9anMpWVlVJ7Z+cHWq/eFuinpGE=
golang.org/x/exp v0.0.0-20231006140011-7918f672742d h1:jtJma62tbqLibJ5sFQz8bKtEM8rJBtfilJ2qTU199MI=
golang.org/x/exp v0.0.0-20231006140011-7918f672742d/go.mod h1:ldy0pHrwJyGW56pPQzzkH36rKxoZW1tw7ZJpeKx+hdo=
golang.org/x/xerrors v0.0.0-20191204190536-9bdfabe68543/go.mod h1:I/5z698sn9Ka8TeJc9MKroUUfqBBauWjQqLJ2OPfmY0=
golang.org/x/xerrors v0.0.0-20200804184101-5ec99f83aff1 h1:go1bK/D/BFZV2I8cIQd1NKEZ+0owSTG1fDTci4IqFcE=
golang.org/x/xerrors v0.0.0-20200804184101-5ec99f83aff1/go.mod h1:I/5z698sn9Ka8TeJc9MKroUUfqBBauWjQqLJ2OPfmY0=
